PODS:
  - Differentiator (3.0.2)
  - MJRefresh (3.1.15.3)
  - RxCocoa (4.2.0):
    - RxSwift (~> 4.0)
  - RxDataSources (3.0.2):
    - Differentiator (~> 3.0)
    - RxCocoa (~> 4.0)
    - RxSwift (~> 4.0)
  - RxSwift (4.2.0)
  - RxSwiftX (0.4.1):
    - RxCocoa
    - RxSwift
    - RxSwiftX/Core (= 0.4.1)
  - RxSwiftX/Core (0.4.1):
    - RxCocoa
    - RxSwift
  - RxSwiftX/DataSources (0.4.1):
    - RxCocoa
    - RxDataSources
    - RxSwift
  - RxSwiftX/MJRefresh (0.4.1):
    - MJRefresh
    - RxCocoa
    - RxSwift

DEPENDENCIES:
  - RxSwiftX (from `../`)
  - RxSwiftX/DataSources (from `../`)
  - RxSwiftX/MJRefresh (from `../`)

SPEC REPOS:
  https://github.com/cocoapods/specs.git:
    - Differentiator
    - MJRefresh
    - RxCocoa
    - RxDataSources
    - RxSwift

EXTERNAL SOURCES:
  RxSwiftX:
    :path: "../"

SPEC CHECKSUMS:
  Differentiator: a87be69eba49ec4ab460c7671143ee3a9eececfd
  MJRefresh: b48380ae2b927b46c4ef000de9adb8dc748e1df7
  RxCocoa: 0b54909c902e1e581212a03e690bbd94032d8baa
  RxDataSources: cb7c31e652a87ebb919da45f716bbb87b3765f6b
  RxSwift: 99e10317ddfcc7fbe01356aafd118fde4a0be104
  RxSwiftX: b5888da01619f1c73290b1ce7fb99e1c92514b54

PODFILE CHECKSUM: 30c6bc76d2c7a8dde2b9d30b77a47381d2150786

COCOAPODS: 1.5.3
