PODS:
  - Differentiator (3.1.0)
  - MJRefresh (3.1.15.7)
  - RxAtomic (4.4.2)
  - RxCocoa (4.4.2):
    - RxSwift (>= 4.4.2, ~> 4.4)
  - RxDataSources (3.1.0):
    - Differentiator (~> 3.0)
    - RxCocoa (~> 4.0)
    - RxSwift (~> 4.0)
  - RxSwift (4.4.2):
    - RxAtomic (>= 4.4.2, ~> 4.4)
  - RxSwiftX (0.5.2):
    - RxCocoa
    - RxSwift
    - RxSwiftX/Core (= 0.5.2)
  - RxSwiftX/Core (0.5.2):
    - RxCocoa
    - RxSwift
  - RxSwiftX/DataSources (0.5.2):
    - RxCocoa
    - RxDataSources
    - RxSwift
  - RxSwiftX/MJRefresh (0.5.2):
    - MJRefresh
    - RxCocoa
    - RxSwift

DEPENDENCIES:
  - RxSwiftX (from `../`)
  - RxSwiftX/DataSources (from `../`)
  - RxSwiftX/MJRefresh (from `../`)

SPEC REPOS:
  https://github.com/cocoapods/specs.git:
    - Differentiator
    - MJRefresh
    - RxAtomic
    - RxCocoa
    - RxDataSources
    - RxSwift

EXTERNAL SOURCES:
  RxSwiftX:
    :path: "../"

SPEC CHECKSUMS:
  Differentiator: be49ca3408f0ecfc761e4c7763d20c62be01b9ad
  MJRefresh: 697f8ec75ebdbe9207767bb682cf0f51b0d8a41f
  RxAtomic: d00e97c10db88c6f08540e0bf2752fc5a2404167
  RxCocoa: 477990dc3b4c3ff55fb0ac77e1cc06244e0aaec8
  RxDataSources: a843bad90c29817f5923ec8163f4af2de084ceb3
  RxSwift: 74c29b693c8e42b0f64400e8b06564575742d649
  RxSwiftX: abdb26ccd9925210466672efd7dfc9aa57a19029

PODFILE CHECKSUM: 30c6bc76d2c7a8dde2b9d30b77a47381d2150786

COCOAPODS: 1.7.0.beta.2
